
Microsoft Visual Studio Solution File, Format Version 12.00
# Visual Studio Version 17
VisualStudioVersion = 17.5.33530.505
MinimumVisualStudioVersion = 10.0.40219.1
Project("{FAE04EC0-301F-11D3-BF4B-00C04F79EFBC}") = "Monitor_Serial", "Monitor_Serial\Monitor_Serial.csproj", "{E7D5CD35-CA5A-4CBD-8971-60B82F9F0FF0}"
EndProject
Global
	GlobalSection(SolutionConfigurationPlatforms) = preSolution
		Debug|Any CPU = Debug|Any CPU
		Release|Any CPU = Release|Any CPU
	EndGlobalSection
	GlobalSection(ProjectConfigurationPlatforms) = postSolution
		{E7D5CD35-CA5A-4CBD-8971-60B82F9F0FF0}.Debug|Any CPU.ActiveCfg = Debug|Any CPU
		{E7D5CD35-CA5A-4CBD-8971-60B82F9F0FF0}.Debug|Any CPU.Build.0 = Debug|Any CPU
		{E7D5CD35-CA5A-4CBD-8971-60B82F9F0FF0}.Release|Any CPU.ActiveCfg = Release|Any CPU
		{E7D5CD35-CA5A-4CBD-8971-60B82F9F0FF0}.Release|Any CPU.Build.0 = Release|Any CPU
	EndGlobalSection
	GlobalSection(SolutionProperties) = preSolution
		HideSolutionNode = FALSE
	EndGlobalSection
	GlobalSection(ExtensibilityGlobals) = postSolution
		SolutionGuid = {F3A02395-385A-4A91-8F95-DB107217F8BF}
	EndGlobalSection
EndGlobal
